
Microsoft Visual Studio Solution File, Format Version 12.00
# Visual Studio Version 16
VisualStudioVersion = 16.0.30128.74
MinimumVisualStudioVersion = 10.0.40219.1
Project("{FAE04EC0-301F-11D3-BF4B-00C04F79EFBC}") = "Sweepstakes", "Sweepstakes\Sweepstakes.csproj", "{5B525E9E-6AC6-405F-9DE2-73DCBC2E2487}"
EndProject
Global
	GlobalSection(SolutionConfigurationPlatforms) = preSolution
		Debug|Any CPU = Debug|Any CPU
		Release|Any CPU = Release|Any CPU
	EndGlobalSection
	GlobalSection(ProjectConfigurationPlatforms) = postSolution
		{5B525E9E-6AC6-405F-9DE2-73DCBC2E2487}.Debug|Any CPU.ActiveCfg = Debug|Any CPU
		{5B525E9E-6AC6-405F-9DE2-73DCBC2E2487}.Debug|Any CPU.Build.0 = Debug|Any CPU
		{5B525E9E-6AC6-405F-9DE2-73DCBC2E2487}.Release|Any CPU.ActiveCfg = Release|Any CPU
		{5B525E9E-6AC6-405F-9DE2-73DCBC2E2487}.Release|Any CPU.Build.0 = Release|Any CPU
	EndGlobalSection
	GlobalSection(SolutionProperties) = preSolution
		HideSolutionNode = FALSE
	EndGlobalSection
	GlobalSection(ExtensibilityGlobals) = postSolution
		SolutionGuid = {078261E1-1BD2-43DF-B618-343B13292F61}
	EndGlobalSection
EndGlobal
